{
    "name": "bookstore-cds",
    "version": "1.0.0",
    "lockfileVersion": 1,
    "requires": true,
    "dependencies": {
        "@sap/capire-products": {
            "version": "file:sap-capire-products-1.0.0.tgz",
            "integrity": "sha512-m1ANk1QKFeOYtIisk+rrxJfI7BbCL1oh2jnkJKuWKBlC2GTd9SAnVULkuvDEyzHPAzLgAOj5KfkIZb41fxP1bA=="
        }
    }
}
